
Microsoft Visual Studio Solution File, Format Version 12.00
# Visual Studio Version 17
VisualStudioVersion = 17.4.33213.308
MinimumVisualStudioVersion = 10.0.40219.1
Project("{FAE04EC0-301F-11D3-BF4B-00C04F79EFBC}") = "SaxonCS12XDoc2XDocXSLT", "SaxonCS12XDoc2XDocXSLT.csproj", "{F3264980-6F79-4C92-9988-7E30F032F049}"
EndProject
Global
	GlobalSection(SolutionConfigurationPlatforms) = preSolution
		Debug|Any CPU = Debug|Any CPU
		Release|Any CPU = Release|Any CPU
	EndGlobalSection
	GlobalSection(ProjectConfigurationPlatforms) = postSolution
		{F3264980-6F79-4C92-9988-7E30F032F049}.Debug|Any CPU.ActiveCfg = Debug|Any CPU
		{F3264980-6F79-4C92-9988-7E30F032F049}.Debug|Any CPU.Build.0 = Debug|Any CPU
		{F3264980-6F79-4C92-9988-7E30F032F049}.Release|Any CPU.ActiveCfg = Release|Any CPU
		{F3264980-6F79-4C92-9988-7E30F032F049}.Release|Any CPU.Build.0 = Release|Any CPU
	EndGlobalSection
	GlobalSection(SolutionProperties) = preSolution
		HideSolutionNode = FALSE
	EndGlobalSection
	GlobalSection(ExtensibilityGlobals) = postSolution
		SolutionGuid = {81A57C71-ABE0-4BE1-AA55-A744CD49C21B}
	EndGlobalSection
EndGlobal
